
Microsoft Visual Studio Solution File, Format Version 12.00
# Visual Studio Version 17
VisualStudioVersion = 17.6.33815.320
MinimumVisualStudioVersion = 10.0.40219.1
Project("{FAE04EC0-301F-11D3-BF4B-00C04F79EFBC}") = "XamlTest", "XamlTest.csproj", "{2A41BFC6-F480-477F-8721-B3814CA038BB}"
EndProject
Global
	GlobalSection(SolutionConfigurationPlatforms) = preSolution
		Debug|Any CPU = Debug|Any CPU
		Release|Any CPU = Release|Any CPU
	EndGlobalSection
	GlobalSection(ProjectConfigurationPlatforms) = postSolution
		{2A41BFC6-F480-477F-8721-B3814CA038BB}.Debug|Any CPU.ActiveCfg = Debug|Any CPU
		{2A41BFC6-F480-477F-8721-B3814CA038BB}.Debug|Any CPU.Build.0 = Debug|Any CPU
		{2A41BFC6-F480-477F-8721-B3814CA038BB}.Release|Any CPU.ActiveCfg = Release|Any CPU
		{2A41BFC6-F480-477F-8721-B3814CA038BB}.Release|Any CPU.Build.0 = Release|Any CPU
	EndGlobalSection
	GlobalSection(SolutionProperties) = preSolution
		HideSolutionNode = FALSE
	EndGlobalSection
	GlobalSection(ExtensibilityGlobals) = postSolution
		SolutionGuid = {1690FBFC-BCA0-4100-9687-7799D533F4C9}
	EndGlobalSection
EndGlobal
